
Microsoft Visual Studio Solution File, Format Version 12.00
# Visual Studio Version 17
VisualStudioVersion = 17.1.32228.430
MinimumVisualStudioVersion = 10.0.40219.1
Project("{FAE04EC0-301F-11D3-BF4B-00C04F79EFBC}") = "Product_Review_Management_Using_LINQ", "Product_Review_Management_Using_LINQ\Product_Review_Management_Using_LINQ.csproj", "{E9665954-96C1-4645-BE9D-87AC4BD261B4}"
EndProject
Global
	GlobalSection(SolutionConfigurationPlatforms) = preSolution
		Debug|Any CPU = Debug|Any CPU
		Release|Any CPU = Release|Any CPU
	EndGlobalSection
	GlobalSection(ProjectConfigurationPlatforms) = postSolution
		{E9665954-96C1-4645-BE9D-87AC4BD261B4}.Debug|Any CPU.ActiveCfg = Debug|Any CPU
		{E9665954-96C1-4645-BE9D-87AC4BD261B4}.Debug|Any CPU.Build.0 = Debug|Any CPU
		{E9665954-96C1-4645-BE9D-87AC4BD261B4}.Release|Any CPU.ActiveCfg = Release|Any CPU
		{E9665954-96C1-4645-BE9D-87AC4BD261B4}.Release|Any CPU.Build.0 = Release|Any CPU
	EndGlobalSection
	GlobalSection(SolutionProperties) = preSolution
		HideSolutionNode = FALSE
	EndGlobalSection
	GlobalSection(ExtensibilityGlobals) = postSolution
		SolutionGuid = {C0AD1712-3EDA-43AF-A7F6-804A8DBCD1A7}
	EndGlobalSection
EndGlobal
